
Microsoft Visual Studio Solution File, Format Version 12.00
# Visual Studio 2013
VisualStudioVersion = 12.0.31101.0
MinimumVisualStudioVersion = 10.0.40219.1
Project("{FAE04EC0-301F-11D3-BF4B-00C04F79EFBC}") = "condition if else", "condition if else\condition if else.csproj", "{6C8D1D09-0C60-4C62-A607-F42F54490597}"
EndProject
Global
	GlobalSection(SolutionConfigurationPlatforms) = preSolution
		Debug|Any CPU = Debug|Any CPU
		Release|Any CPU = Release|Any CPU
	EndGlobalSection
	GlobalSection(ProjectConfigurationPlatforms) = postSolution
		{6C8D1D09-0C60-4C62-A607-F42F54490597}.Debug|Any CPU.ActiveCfg = Debug|Any CPU
		{6C8D1D09-0C60-4C62-A607-F42F54490597}.Debug|Any CPU.Build.0 = Debug|Any CPU
		{6C8D1D09-0C60-4C62-A607-F42F54490597}.Release|Any CPU.ActiveCfg = Release|Any CPU
		{6C8D1D09-0C60-4C62-A607-F42F54490597}.Release|Any CPU.Build.0 = Release|Any CPU
	EndGlobalSection
	GlobalSection(SolutionProperties) = preSolution
		HideSolutionNode = FALSE
	EndGlobalSection
EndGlobal
